# This file is automatically @generated by Cargo.
# It is not intended for manual editing.
version = 3

[[package]]
name = "time"
version = "0.0.0"
dependencies = [
 "win32",
]

[[package]]
name = "win32"
version = "0.1.0"
source = "git+https://github.com/shipsimfan/lib-win32#b221784ae97fc8b0303858baf293592c7c050f19"
